
Microsoft Visual Studio Solution File, Format Version 12.00
# Visual Studio Version 16
VisualStudioVersion = 16.0.31129.286
MinimumVisualStudioVersion = 10.0.40219.1
Project("{9A19103F-16F7-4668-BE54-9A1E7A4F7556}") = "AzureStorage", "samples\AzureStorage\AzureStorage.csproj", "{301A5B9E-79CC-4973-9532-0B59C8B511BB}"
EndProject
Project("{9A19103F-16F7-4668-BE54-9A1E7A4F7556}") = "AzureStorageProvider", "src\AzureStorageProvider\AzureStorageProvider.csproj", "{D1865604-E7DD-41C5-83C1-7592CE63DABC}"
EndProject
Project("{2150E333-8FDC-42A3-9474-1A3956D46DE8}") = "src", "src", "{F8B49E89-215D-4BAB-B538-F993B97E0A9D}"
EndProject
Project("{2150E333-8FDC-42A3-9474-1A3956D46DE8}") = "samples", "samples", "{226500D9-FF8B-4411-82CE-C295FDC56988}"
EndProject
Project("{2150E333-8FDC-42A3-9474-1A3956D46DE8}") = "Solution Items", "Solution Items", "{6E731484-AD80-4E59-A93A-5E18BAAF81BB}"
	ProjectSection(SolutionItems) = preProject
		.editorconfig = .editorconfig
	EndProjectSection
EndProject
Project("{FAE04EC0-301F-11D3-BF4B-00C04F79EFBC}") = "StorageProvider.Abstractions", "src\StorageProvider.Abstractions\StorageProvider.Abstractions.csproj", "{BB420BE5-C6D1-40DD-9DF4-8E5158AE1CC5}"
EndProject
Global
	GlobalSection(SolutionConfigurationPlatforms) = preSolution
		Debug|Any CPU = Debug|Any CPU
		Release|Any CPU = Release|Any CPU
	EndGlobalSection
	GlobalSection(ProjectConfigurationPlatforms) = postSolution
		{301A5B9E-79CC-4973-9532-0B59C8B511BB}.Debug|Any CPU.ActiveCfg = Debug|Any CPU
		{301A5B9E-79CC-4973-9532-0B59C8B511BB}.Debug|Any CPU.Build.0 = Debug|Any CPU
		{301A5B9E-79CC-4973-9532-0B59C8B511BB}.Release|Any CPU.ActiveCfg = Release|Any CPU
		{301A5B9E-79CC-4973-9532-0B59C8B511BB}.Release|Any CPU.Build.0 = Release|Any CPU
		{D1865604-E7DD-41C5-83C1-7592CE63DABC}.Debug|Any CPU.ActiveCfg = Debug|Any CPU
		{D1865604-E7DD-41C5-83C1-7592CE63DABC}.Debug|Any CPU.Build.0 = Debug|Any CPU
		{D1865604-E7DD-41C5-83C1-7592CE63DABC}.Release|Any CPU.ActiveCfg = Release|Any CPU
		{D1865604-E7DD-41C5-83C1-7592CE63DABC}.Release|Any CPU.Build.0 = Release|Any CPU
		{BB420BE5-C6D1-40DD-9DF4-8E5158AE1CC5}.Debug|Any CPU.ActiveCfg = Debug|Any CPU
		{BB420BE5-C6D1-40DD-9DF4-8E5158AE1CC5}.Debug|Any CPU.Build.0 = Debug|Any CPU
		{BB420BE5-C6D1-40DD-9DF4-8E5158AE1CC5}.Release|Any CPU.ActiveCfg = Release|Any CPU
		{BB420BE5-C6D1-40DD-9DF4-8E5158AE1CC5}.Release|Any CPU.Build.0 = Release|Any CPU
	EndGlobalSection
	GlobalSection(SolutionProperties) = preSolution
		HideSolutionNode = FALSE
	EndGlobalSection
	GlobalSection(NestedProjects) = preSolution
		{301A5B9E-79CC-4973-9532-0B59C8B511BB} = {226500D9-FF8B-4411-82CE-C295FDC56988}
		{D1865604-E7DD-41C5-83C1-7592CE63DABC} = {F8B49E89-215D-4BAB-B538-F993B97E0A9D}
		{BB420BE5-C6D1-40DD-9DF4-8E5158AE1CC5} = {F8B49E89-215D-4BAB-B538-F993B97E0A9D}
	EndGlobalSection
	GlobalSection(ExtensibilityGlobals) = postSolution
		SolutionGuid = {0D59BB19-90C6-4F7C-B009-3576355BAC70}
	EndGlobalSection
EndGlobal
